
Microsoft Visual Studio Solution File, Format Version 12.00
# Visual Studio Version 17
VisualStudioVersion = 17.3.32929.385
MinimumVisualStudioVersion = 10.0.40219.1
Project("{FAE04EC0-301F-11D3-BF4B-00C04F79EFBC}") = "EcgTest", "EcgTest.csproj", "{93565E08-E08C-4BDB-B1AE-41E0F52C02BC}"
EndProject
Global
	GlobalSection(SolutionConfigurationPlatforms) = preSolution
		Debug|Any CPU = Debug|Any CPU
		Release|Any CPU = Release|Any CPU
	EndGlobalSection
	GlobalSection(ProjectConfigurationPlatforms) = postSolution
		{93565E08-E08C-4BDB-B1AE-41E0F52C02BC}.Debug|Any CPU.ActiveCfg = Debug|Any CPU
		{93565E08-E08C-4BDB-B1AE-41E0F52C02BC}.Debug|Any CPU.Build.0 = Debug|Any CPU
		{93565E08-E08C-4BDB-B1AE-41E0F52C02BC}.Release|Any CPU.ActiveCfg = Release|Any CPU
		{93565E08-E08C-4BDB-B1AE-41E0F52C02BC}.Release|Any CPU.Build.0 = Release|Any CPU
	EndGlobalSection
	GlobalSection(SolutionProperties) = preSolution
		HideSolutionNode = FALSE
	EndGlobalSection
	GlobalSection(ExtensibilityGlobals) = postSolution
		SolutionGuid = {BAC39F48-5BE2-4DCC-B264-9582B4F2152A}
	EndGlobalSection
EndGlobal
